
Microsoft Visual Studio Solution File, Format Version 12.00
# Visual Studio Version 17
VisualStudioVersion = 17.12.35707.178
MinimumVisualStudioVersion = 10.0.40219.1
Project("{2150E333-8FDC-42A3-9474-1A3956D46DE8}") = "src", "src", "{DC284741-7FD0-4437-B7CF-66D43A4EC89E}"
EndProject
Project("{2150E333-8FDC-42A3-9474-1A3956D46DE8}") = "API", "API", "{1B8853C8-929F-4780-B590-077D52085D9A}"
EndProject
Project("{2150E333-8FDC-42A3-9474-1A3956D46DE8}") = "Common", "Common", "{923E2E55-8138-47AF-87A7-B22366EA51F1}"
EndProject
Project("{2150E333-8FDC-42A3-9474-1A3956D46DE8}") = "Core", "Core", "{8BBD21EB-4140-4F1E-A8E8-89C5FF84ED5C}"
EndProject
Project("{2150E333-8FDC-42A3-9474-1A3956D46DE8}") = "Infrastructure", "Infrastructure", "{9F401F32-A5E4-4FA2-B81F-77178BD0727F}"
EndProject
Project("{FAE04EC0-301F-11D3-BF4B-00C04F79EFBC}") = "Proyecto.Api", "Proyecto.Api\Proyecto.Api.csproj", "{7481DC7A-8BA4-4F69-AB56-A9FF57F7E236}"
EndProject
Project("{FAE04EC0-301F-11D3-BF4B-00C04F79EFBC}") = "Proyecto.Domain", "Proyecto.Domain\Proyecto.Domain.csproj", "{9142D48F-81AE-4947-AAFB-0307A1E0A8EF}"
EndProject
Project("{FAE04EC0-301F-11D3-BF4B-00C04F79EFBC}") = "Proyecto.Aplication", "Proyecto.Aplication\Proyecto.Aplication.csproj", "{C7F21274-2629-4CA8-BF0A-62DE543958D4}"
EndProject
Project("{FAE04EC0-301F-11D3-BF4B-00C04F79EFBC}") = "Proyecto.Persistence", "Proyecto.Persistence\Proyecto.Persistence.csproj", "{FAAB9905-9F8F-43C4-8D5A-B0C61493C146}"
EndProject
Project("{FAE04EC0-301F-11D3-BF4B-00C04F79EFBC}") = "Proyecto.External", "Proyecto.External\Proyecto.External.csproj", "{BD50528B-9221-444B-B6DD-4C1F2B026A51}"
EndProject
Project("{FAE04EC0-301F-11D3-BF4B-00C04F79EFBC}") = "Proyecto.Common", "Proyecto.Common\Proyecto.Common.csproj", "{115F2172-7D95-4874-8D73-353DE6605A91}"
EndProject
Global
	GlobalSection(SolutionConfigurationPlatforms) = preSolution
		Debug|Any CPU = Debug|Any CPU
		Release|Any CPU = Release|Any CPU
	EndGlobalSection
	GlobalSection(ProjectConfigurationPlatforms) = postSolution
		{7481DC7A-8BA4-4F69-AB56-A9FF57F7E236}.Debug|Any CPU.ActiveCfg = Debug|Any CPU
		{7481DC7A-8BA4-4F69-AB56-A9FF57F7E236}.Debug|Any CPU.Build.0 = Debug|Any CPU
		{7481DC7A-8BA4-4F69-AB56-A9FF57F7E236}.Release|Any CPU.ActiveCfg = Release|Any CPU
		{7481DC7A-8BA4-4F69-AB56-A9FF57F7E236}.Release|Any CPU.Build.0 = Release|Any CPU
		{9142D48F-81AE-4947-AAFB-0307A1E0A8EF}.Debug|Any CPU.ActiveCfg = Debug|Any CPU
		{9142D48F-81AE-4947-AAFB-0307A1E0A8EF}.Debug|Any CPU.Build.0 = Debug|Any CPU
		{9142D48F-81AE-4947-AAFB-0307A1E0A8EF}.Release|Any CPU.ActiveCfg = Release|Any CPU
		{9142D48F-81AE-4947-AAFB-0307A1E0A8EF}.Release|Any CPU.Build.0 = Release|Any CPU
		{C7F21274-2629-4CA8-BF0A-62DE543958D4}.Debug|Any CPU.ActiveCfg = Debug|Any CPU
		{C7F21274-2629-4CA8-BF0A-62DE543958D4}.Debug|Any CPU.Build.0 = Debug|Any CPU
		{C7F21274-2629-4CA8-BF0A-62DE543958D4}.Release|Any CPU.ActiveCfg = Release|Any CPU
		{C7F21274-2629-4CA8-BF0A-62DE543958D4}.Release|Any CPU.Build.0 = Release|Any CPU
		{FAAB9905-9F8F-43C4-8D5A-B0C61493C146}.Debug|Any CPU.ActiveCfg = Debug|Any CPU
		{FAAB9905-9F8F-43C4-8D5A-B0C61493C146}.Debug|Any CPU.Build.0 = Debug|Any CPU
		{FAAB9905-9F8F-43C4-8D5A-B0C61493C146}.Release|Any CPU.ActiveCfg = Release|Any CPU
		{FAAB9905-9F8F-43C4-8D5A-B0C61493C146}.Release|Any CPU.Build.0 = Release|Any CPU
		{BD50528B-9221-444B-B6DD-4C1F2B026A51}.Debug|Any CPU.ActiveCfg = Debug|Any CPU
		{BD50528B-9221-444B-B6DD-4C1F2B026A51}.Debug|Any CPU.Build.0 = Debug|Any CPU
		{BD50528B-9221-444B-B6DD-4C1F2B026A51}.Release|Any CPU.ActiveCfg = Release|Any CPU
		{BD50528B-9221-444B-B6DD-4C1F2B026A51}.Release|Any CPU.Build.0 = Release|Any CPU
		{115F2172-7D95-4874-8D73-353DE6605A91}.Debug|Any CPU.ActiveCfg = Debug|Any CPU
		{115F2172-7D95-4874-8D73-353DE6605A91}.Debug|Any CPU.Build.0 = Debug|Any CPU
		{115F2172-7D95-4874-8D73-353DE6605A91}.Release|Any CPU.ActiveCfg = Release|Any CPU
		{115F2172-7D95-4874-8D73-353DE6605A91}.Release|Any CPU.Build.0 = Release|Any CPU
	EndGlobalSection
	GlobalSection(SolutionProperties) = preSolution
		HideSolutionNode = FALSE
	EndGlobalSection
	GlobalSection(NestedProjects) = preSolution
		{1B8853C8-929F-4780-B590-077D52085D9A} = {DC284741-7FD0-4437-B7CF-66D43A4EC89E}
		{923E2E55-8138-47AF-87A7-B22366EA51F1} = {DC284741-7FD0-4437-B7CF-66D43A4EC89E}
		{8BBD21EB-4140-4F1E-A8E8-89C5FF84ED5C} = {DC284741-7FD0-4437-B7CF-66D43A4EC89E}
		{9F401F32-A5E4-4FA2-B81F-77178BD0727F} = {DC284741-7FD0-4437-B7CF-66D43A4EC89E}
		{7481DC7A-8BA4-4F69-AB56-A9FF57F7E236} = {1B8853C8-929F-4780-B590-077D52085D9A}
		{9142D48F-81AE-4947-AAFB-0307A1E0A8EF} = {8BBD21EB-4140-4F1E-A8E8-89C5FF84ED5C}
		{C7F21274-2629-4CA8-BF0A-62DE543958D4} = {8BBD21EB-4140-4F1E-A8E8-89C5FF84ED5C}
		{FAAB9905-9F8F-43C4-8D5A-B0C61493C146} = {9F401F32-A5E4-4FA2-B81F-77178BD0727F}
		{BD50528B-9221-444B-B6DD-4C1F2B026A51} = {9F401F32-A5E4-4FA2-B81F-77178BD0727F}
		{115F2172-7D95-4874-8D73-353DE6605A91} = {923E2E55-8138-47AF-87A7-B22366EA51F1}
	EndGlobalSection
EndGlobal
